
Microsoft Visual Studio Solution File, Format Version 12.00
# Visual Studio Version 16
VisualStudioVersion = 16.0.30517.126
MinimumVisualStudioVersion = 10.0.40219.1
Project("{FAE04EC0-301F-11D3-BF4B-00C04F79EFBC}") = "Sake2Arc", "Sake2Arc.csproj", "{53E35522-850C-4790-89E7-18D6D658D39B}"
EndProject
Global
	GlobalSection(SolutionConfigurationPlatforms) = preSolution
		Debug|Any CPU = Debug|Any CPU
		Release|Any CPU = Release|Any CPU
	EndGlobalSection
	GlobalSection(ProjectConfigurationPlatforms) = postSolution
		{53E35522-850C-4790-89E7-18D6D658D39B}.Debug|Any CPU.ActiveCfg = Debug|Any CPU
		{53E35522-850C-4790-89E7-18D6D658D39B}.Debug|Any CPU.Build.0 = Debug|Any CPU
		{53E35522-850C-4790-89E7-18D6D658D39B}.Release|Any CPU.ActiveCfg = Release|Any CPU
		{53E35522-850C-4790-89E7-18D6D658D39B}.Release|Any CPU.Build.0 = Release|Any CPU
	EndGlobalSection
	GlobalSection(SolutionProperties) = preSolution
		HideSolutionNode = FALSE
	EndGlobalSection
	GlobalSection(ExtensibilityGlobals) = postSolution
		SolutionGuid = {E580876A-C7F1-4E4B-B4FE-68CE5B804A44}
	EndGlobalSection
EndGlobal
